
Microsoft Visual Studio Solution File, Format Version 12.00
# Visual Studio 15
VisualStudioVersion = 15.0.27703.2042
MinimumVisualStudioVersion = 10.0.40219.1
Project("{FAE04EC0-301F-11D3-BF4B-00C04F79EFBC}") = "TestDemo", "TestDemo\TestDemo.csproj", "{8C1C3CBA-BA37-43F9-ACE3-0989F3FF4170}"
EndProject
Global
	GlobalSection(SolutionConfigurationPlatforms) = preSolution
		Debug|Any CPU = Debug|Any CPU
		Release|Any CPU = Release|Any CPU
	EndGlobalSection
	GlobalSection(ProjectConfigurationPlatforms) = postSolution
		{8C1C3CBA-BA37-43F9-ACE3-0989F3FF4170}.Debug|Any CPU.ActiveCfg = Debug|Any CPU
		{8C1C3CBA-BA37-43F9-ACE3-0989F3FF4170}.Debug|Any CPU.Build.0 = Debug|Any CPU
		{8C1C3CBA-BA37-43F9-ACE3-0989F3FF4170}.Release|Any CPU.ActiveCfg = Release|Any CPU
		{8C1C3CBA-BA37-43F9-ACE3-0989F3FF4170}.Release|Any CPU.Build.0 = Release|Any CPU
	EndGlobalSection
	GlobalSection(SolutionProperties) = preSolution
		HideSolutionNode = FALSE
	EndGlobalSection
	GlobalSection(ExtensibilityGlobals) = postSolution
		SolutionGuid = {1620D59A-CAA5-4C81-A881-4311F1C8E420}
	EndGlobalSection
EndGlobal
